
Microsoft Visual Studio Solution File, Format Version 12.00
# Visual Studio Version 17
VisualStudioVersion = 17.13.35931.197 d17.13
MinimumVisualStudioVersion = 10.0.40219.1
Project("{FAE04EC0-301F-11D3-BF4B-00C04F79EFBC}") = "MyUnitTestProj", "MyUnitTestProj\MyUnitTestProj.csproj", "{5E32735D-C103-48BD-942B-4A4A942BF14F}"
EndProject
Project("{FAE04EC0-301F-11D3-BF4B-00C04F79EFBC}") = "MathsModule", "MathsModule\MathsModule.csproj", "{FAABFD5E-EC54-4DA7-9432-02F430343E33}"
EndProject
Global
	GlobalSection(SolutionConfigurationPlatforms) = preSolution
		Debug|Any CPU = Debug|Any CPU
		Release|Any CPU = Release|Any CPU
	EndGlobalSection
	GlobalSection(ProjectConfigurationPlatforms) = postSolution
		{5E32735D-C103-48BD-942B-4A4A942BF14F}.Debug|Any CPU.ActiveCfg = Debug|Any CPU
		{5E32735D-C103-48BD-942B-4A4A942BF14F}.Debug|Any CPU.Build.0 = Debug|Any CPU
		{5E32735D-C103-48BD-942B-4A4A942BF14F}.Release|Any CPU.ActiveCfg = Release|Any CPU
		{5E32735D-C103-48BD-942B-4A4A942BF14F}.Release|Any CPU.Build.0 = Release|Any CPU
		{FAABFD5E-EC54-4DA7-9432-02F430343E33}.Debug|Any CPU.ActiveCfg = Debug|Any CPU
		{FAABFD5E-EC54-4DA7-9432-02F430343E33}.Debug|Any CPU.Build.0 = Debug|Any CPU
		{FAABFD5E-EC54-4DA7-9432-02F430343E33}.Release|Any CPU.ActiveCfg = Release|Any CPU
		{FAABFD5E-EC54-4DA7-9432-02F430343E33}.Release|Any CPU.Build.0 = Release|Any CPU
	EndGlobalSection
	GlobalSection(SolutionProperties) = preSolution
		HideSolutionNode = FALSE
	EndGlobalSection
	GlobalSection(ExtensibilityGlobals) = postSolution
		SolutionGuid = {5C17DA23-2D8E-4539-88DC-31CF5EA8286E}
	EndGlobalSection
EndGlobal
