
Microsoft Visual Studio Solution File, Format Version 12.00
# Visual Studio Version 17
VisualStudioVersion = 17.13.35931.197 d17.13
MinimumVisualStudioVersion = 10.0.40219.1
Project("{FAE04EC0-301F-11D3-BF4B-00C04F79EFBC}") = "WebPerformanceApp", "WebPerformanceApp\WebPerformanceApp.csproj", "{A665AD8A-4FC1-4C07-B71D-2BF2B4B1FBD8}"
EndProject
Project("{FAE04EC0-301F-11D3-BF4B-00C04F79EFBC}") = "GreenhouseAutmationAPI", "GreenhouseAutmationAPI\GreenhouseAutmationAPI.csproj", "{924560AE-661B-4857-8696-659BDED80151}"
EndProject
Project("{FAE04EC0-301F-11D3-BF4B-00C04F79EFBC}") = "DistributedWebAPI", "DistributedWebAPI\DistributedWebAPI.csproj", "{8FC65181-9AF3-4865-A365-EB94874BD21E}"
EndProject
Global
	GlobalSection(SolutionConfigurationPlatforms) = preSolution
		Debug|Any CPU = Debug|Any CPU
		Release|Any CPU = Release|Any CPU
	EndGlobalSection
	GlobalSection(ProjectConfigurationPlatforms) = postSolution
		{A665AD8A-4FC1-4C07-B71D-2BF2B4B1FBD8}.Debug|Any CPU.ActiveCfg = Debug|Any CPU
		{A665AD8A-4FC1-4C07-B71D-2BF2B4B1FBD8}.Debug|Any CPU.Build.0 = Debug|Any CPU
		{A665AD8A-4FC1-4C07-B71D-2BF2B4B1FBD8}.Release|Any CPU.ActiveCfg = Release|Any CPU
		{A665AD8A-4FC1-4C07-B71D-2BF2B4B1FBD8}.Release|Any CPU.Build.0 = Release|Any CPU
		{924560AE-661B-4857-8696-659BDED80151}.Debug|Any CPU.ActiveCfg = Debug|Any CPU
		{924560AE-661B-4857-8696-659BDED80151}.Debug|Any CPU.Build.0 = Debug|Any CPU
		{924560AE-661B-4857-8696-659BDED80151}.Release|Any CPU.ActiveCfg = Release|Any CPU
		{924560AE-661B-4857-8696-659BDED80151}.Release|Any CPU.Build.0 = Release|Any CPU
		{8FC65181-9AF3-4865-A365-EB94874BD21E}.Debug|Any CPU.ActiveCfg = Debug|Any CPU
		{8FC65181-9AF3-4865-A365-EB94874BD21E}.Debug|Any CPU.Build.0 = Debug|Any CPU
		{8FC65181-9AF3-4865-A365-EB94874BD21E}.Release|Any CPU.ActiveCfg = Release|Any CPU
		{8FC65181-9AF3-4865-A365-EB94874BD21E}.Release|Any CPU.Build.0 = Release|Any CPU
	EndGlobalSection
	GlobalSection(SolutionProperties) = preSolution
		HideSolutionNode = FALSE
	EndGlobalSection
	GlobalSection(ExtensibilityGlobals) = postSolution
		SolutionGuid = {F3BB1A54-E3B6-41CF-9B11-85DED6E0D28A}
	EndGlobalSection
EndGlobal
