
Microsoft Visual Studio Solution File, Format Version 12.00
# Visual Studio Version 17
VisualStudioVersion = 17.12.35527.113 d17.12
MinimumVisualStudioVersion = 10.0.40219.1
Project("{FAE04EC0-301F-11D3-BF4B-00C04F79EFBC}") = "TestApp", "TestApp\TestApp.csproj", "{3E96271F-149A-4179-9683-D3F2686ACD16}"
EndProject
Project("{FAE04EC0-301F-11D3-BF4B-00C04F79EFBC}") = "Catalog", "Catalog\Catalog.csproj", "{784B9649-537C-4982-8DDE-D5C72DD72BDA}"
EndProject
Project("{FAE04EC0-301F-11D3-BF4B-00C04F79EFBC}") = "WebAppRazor", "WebAppRazor\WebAppRazor.csproj", "{57667E35-DFA7-4E03-B19A-6DA9C117BAEB}"
EndProject
Project("{FAE04EC0-301F-11D3-BF4B-00C04F79EFBC}") = "WebAppMVC", "WebAppMVC\WebAppMVC.csproj", "{262FEED9-91D7-41F1-BB15-32A1516651EB}"
EndProject
Project("{FAE04EC0-301F-11D3-BF4B-00C04F79EFBC}") = "CRMWebAPI", "CRMWebAPI\CRMWebAPI.csproj", "{1EF3BC04-51A9-4B80-8B6C-16856A3087EF}"
EndProject
Global
	GlobalSection(SolutionConfigurationPlatforms) = preSolution
		Debug|Any CPU = Debug|Any CPU
		Release|Any CPU = Release|Any CPU
	EndGlobalSection
	GlobalSection(ProjectConfigurationPlatforms) = postSolution
		{3E96271F-149A-4179-9683-D3F2686ACD16}.Debug|Any CPU.ActiveCfg = Debug|Any CPU
		{3E96271F-149A-4179-9683-D3F2686ACD16}.Debug|Any CPU.Build.0 = Debug|Any CPU
		{3E96271F-149A-4179-9683-D3F2686ACD16}.Release|Any CPU.ActiveCfg = Release|Any CPU
		{3E96271F-149A-4179-9683-D3F2686ACD16}.Release|Any CPU.Build.0 = Release|Any CPU
		{784B9649-537C-4982-8DDE-D5C72DD72BDA}.Debug|Any CPU.ActiveCfg = Debug|Any CPU
		{784B9649-537C-4982-8DDE-D5C72DD72BDA}.Debug|Any CPU.Build.0 = Debug|Any CPU
		{784B9649-537C-4982-8DDE-D5C72DD72BDA}.Release|Any CPU.ActiveCfg = Release|Any CPU
		{784B9649-537C-4982-8DDE-D5C72DD72BDA}.Release|Any CPU.Build.0 = Release|Any CPU
		{57667E35-DFA7-4E03-B19A-6DA9C117BAEB}.Debug|Any CPU.ActiveCfg = Debug|Any CPU
		{57667E35-DFA7-4E03-B19A-6DA9C117BAEB}.Debug|Any CPU.Build.0 = Debug|Any CPU
		{57667E35-DFA7-4E03-B19A-6DA9C117BAEB}.Release|Any CPU.ActiveCfg = Release|Any CPU
		{57667E35-DFA7-4E03-B19A-6DA9C117BAEB}.Release|Any CPU.Build.0 = Release|Any CPU
		{262FEED9-91D7-41F1-BB15-32A1516651EB}.Debug|Any CPU.ActiveCfg = Debug|Any CPU
		{262FEED9-91D7-41F1-BB15-32A1516651EB}.Debug|Any CPU.Build.0 = Debug|Any CPU
		{262FEED9-91D7-41F1-BB15-32A1516651EB}.Release|Any CPU.ActiveCfg = Release|Any CPU
		{262FEED9-91D7-41F1-BB15-32A1516651EB}.Release|Any CPU.Build.0 = Release|Any CPU
		{1EF3BC04-51A9-4B80-8B6C-16856A3087EF}.Debug|Any CPU.ActiveCfg = Debug|Any CPU
		{1EF3BC04-51A9-4B80-8B6C-16856A3087EF}.Debug|Any CPU.Build.0 = Debug|Any CPU
		{1EF3BC04-51A9-4B80-8B6C-16856A3087EF}.Release|Any CPU.ActiveCfg = Release|Any CPU
		{1EF3BC04-51A9-4B80-8B6C-16856A3087EF}.Release|Any CPU.Build.0 = Release|Any CPU
	EndGlobalSection
	GlobalSection(SolutionProperties) = preSolution
		HideSolutionNode = FALSE
	EndGlobalSection
EndGlobal
