
Microsoft Visual Studio Solution File, Format Version 12.00
# Visual Studio Version 17
VisualStudioVersion = 17.12.35527.113
MinimumVisualStudioVersion = 10.0.40219.1
Project("{FAE04EC0-301F-11D3-BF4B-00C04F79EFBC}") = "BIWebApp", "BIWebApp\BIWebApp.csproj", "{15C8C061-85CF-44FE-AC85-286E5E53F3E2}"
EndProject
Project("{FAE04EC0-301F-11D3-BF4B-00C04F79EFBC}") = "MultiTaskbasedApp", "MultiTaskbasedApp\MultiTaskbasedApp.csproj", "{FEBE16F9-6029-4BEE-B8EE-614F4441582A}"
EndProject
Project("{FAE04EC0-301F-11D3-BF4B-00C04F79EFBC}") = "AsyncApp", "AsyncApp\AsyncApp.csproj", "{1790DFA7-E5D9-4B26-A379-B4C27BD66EBD}"
EndProject
Project("{FAE04EC0-301F-11D3-BF4B-00C04F79EFBC}") = "AsyncApp2", "AsyncApp2\AsyncApp2.csproj", "{DA953315-D064-43C8-B6F9-57ED0BE6400C}"
EndProject
Project("{FAE04EC0-301F-11D3-BF4B-00C04F79EFBC}") = "EventDrivenApplication", "EventDrivenApplication\EventDrivenApplication.csproj", "{4C672EA9-B95E-45CD-8C36-AE5A297C7CAD}"
EndProject
Project("{FAE04EC0-301F-11D3-BF4B-00C04F79EFBC}") = "AsynAwaitDemoApp", "AsynAwaitDemoApp\AsynAwaitDemoApp.csproj", "{4BF02C35-1756-4DF0-BE98-759F072D07BC}"
EndProject
Global
	GlobalSection(SolutionConfigurationPlatforms) = preSolution
		Debug|Any CPU = Debug|Any CPU
		Release|Any CPU = Release|Any CPU
	EndGlobalSection
	GlobalSection(ProjectConfigurationPlatforms) = postSolution
		{15C8C061-85CF-44FE-AC85-286E5E53F3E2}.Debug|Any CPU.ActiveCfg = Debug|Any CPU
		{15C8C061-85CF-44FE-AC85-286E5E53F3E2}.Debug|Any CPU.Build.0 = Debug|Any CPU
		{15C8C061-85CF-44FE-AC85-286E5E53F3E2}.Release|Any CPU.ActiveCfg = Release|Any CPU
		{15C8C061-85CF-44FE-AC85-286E5E53F3E2}.Release|Any CPU.Build.0 = Release|Any CPU
		{FEBE16F9-6029-4BEE-B8EE-614F4441582A}.Debug|Any CPU.ActiveCfg = Debug|Any CPU
		{FEBE16F9-6029-4BEE-B8EE-614F4441582A}.Debug|Any CPU.Build.0 = Debug|Any CPU
		{FEBE16F9-6029-4BEE-B8EE-614F4441582A}.Release|Any CPU.ActiveCfg = Release|Any CPU
		{FEBE16F9-6029-4BEE-B8EE-614F4441582A}.Release|Any CPU.Build.0 = Release|Any CPU
		{1790DFA7-E5D9-4B26-A379-B4C27BD66EBD}.Debug|Any CPU.ActiveCfg = Debug|Any CPU
		{1790DFA7-E5D9-4B26-A379-B4C27BD66EBD}.Debug|Any CPU.Build.0 = Debug|Any CPU
		{1790DFA7-E5D9-4B26-A379-B4C27BD66EBD}.Release|Any CPU.ActiveCfg = Release|Any CPU
		{1790DFA7-E5D9-4B26-A379-B4C27BD66EBD}.Release|Any CPU.Build.0 = Release|Any CPU
		{DA953315-D064-43C8-B6F9-57ED0BE6400C}.Debug|Any CPU.ActiveCfg = Debug|Any CPU
		{DA953315-D064-43C8-B6F9-57ED0BE6400C}.Debug|Any CPU.Build.0 = Debug|Any CPU
		{DA953315-D064-43C8-B6F9-57ED0BE6400C}.Release|Any CPU.ActiveCfg = Release|Any CPU
		{DA953315-D064-43C8-B6F9-57ED0BE6400C}.Release|Any CPU.Build.0 = Release|Any CPU
		{4C672EA9-B95E-45CD-8C36-AE5A297C7CAD}.Debug|Any CPU.ActiveCfg = Debug|Any CPU
		{4C672EA9-B95E-45CD-8C36-AE5A297C7CAD}.Debug|Any CPU.Build.0 = Debug|Any CPU
		{4C672EA9-B95E-45CD-8C36-AE5A297C7CAD}.Release|Any CPU.ActiveCfg = Release|Any CPU
		{4C672EA9-B95E-45CD-8C36-AE5A297C7CAD}.Release|Any CPU.Build.0 = Release|Any CPU
		{4BF02C35-1756-4DF0-BE98-759F072D07BC}.Debug|Any CPU.ActiveCfg = Debug|Any CPU
		{4BF02C35-1756-4DF0-BE98-759F072D07BC}.Debug|Any CPU.Build.0 = Debug|Any CPU
		{4BF02C35-1756-4DF0-BE98-759F072D07BC}.Release|Any CPU.ActiveCfg = Release|Any CPU
		{4BF02C35-1756-4DF0-BE98-759F072D07BC}.Release|Any CPU.Build.0 = Release|Any CPU
	EndGlobalSection
	GlobalSection(SolutionProperties) = preSolution
		HideSolutionNode = FALSE
	EndGlobalSection
	GlobalSection(ExtensibilityGlobals) = postSolution
		SolutionGuid = {2AAE5B98-88FE-4A64-AD2E-5F4CD112A6A8}
	EndGlobalSection
EndGlobal
